# Generated by buf. DO NOT EDIT.
version: v2
deps:
  - name: buf.build/streamingfast/firehose
    commit: 9d6efa32daca4ea69d36b6a0bd1f2a72
    digest: b5:3086eb5291e95e37c48e90385521218d172225c3b73794145d0e1bc48a6851177c1323c98a519991e52107ab8b752ee51401cd76ccc7305a74edd915497618c6
  - name: buf.build/streamingfast/substreams
    commit: 0dd88de28914480ba21402c342a5553d
    digest: b5:a583f07f5f04e34742a5d4df2422ff4c0cb374a91e080056cb5dadcbb0e154225bfd069f0a7cc0c6ee0ceb139980dc96b6e1eef1029a19294d5ed46b8a228af2
  - name: buf.build/streamingfast/substreams-sink-sql
    commit: 692a9800cc684a6fb3bd479886bb587b
    digest: b5:1675b979cac565e94f77b65f97fb53b2a920632dd861b63a5a9520e4e5486e23e5677c4604d4443069669727da0e4594c538ae924f9a5be3087ffb0fdc01728d
